
Microsoft Visual Studio Solution File, Format Version 12.00
# Visual Studio Version 16
VisualStudioVersion = 16.0.30011.22
MinimumVisualStudioVersion = 10.0.40219.1
Project("{FAE04EC0-301F-11D3-BF4B-00C04F79EFBC}") = "EXIN", "EXIN.csproj", "{2D8BE419-C04C-4146-8221-F8D5A82BD236}"
EndProject
Global
	GlobalSection(SolutionConfigurationPlatforms) = preSolution
		Debug|Any CPU = Debug|Any CPU
		Release|Any CPU = Release|Any CPU
	EndGlobalSection
	GlobalSection(ProjectConfigurationPlatforms) = postSolution
		{2D8BE419-C04C-4146-8221-F8D5A82BD236}.Debug|Any CPU.ActiveCfg = Debug|Any CPU
		{2D8BE419-C04C-4146-8221-F8D5A82BD236}.Debug|Any CPU.Build.0 = Debug|Any CPU
		{2D8BE419-C04C-4146-8221-F8D5A82BD236}.Release|Any CPU.ActiveCfg = Release|Any CPU
		{2D8BE419-C04C-4146-8221-F8D5A82BD236}.Release|Any CPU.Build.0 = Release|Any CPU
	EndGlobalSection
	GlobalSection(SolutionProperties) = preSolution
		HideSolutionNode = FALSE
	EndGlobalSection
	GlobalSection(ExtensibilityGlobals) = postSolution
		SolutionGuid = {F382DCE8-A2E2-44BA-A58A-145F99222565}
	EndGlobalSection
EndGlobal
